// !$*UTF8*$!
{
	archiveVersion = 1;
	classes = {
	};
	objectVersion = 46;
	objects = {

/* Begin PBXBuildFile section */
		1DE9DE092ED753BA72C90331 /* Pods_Tagify.framework in Frameworks */ = {isa = PBXBuildFile; fileRef = 101DAECA0A3059269EC28C2A /* Pods_Tagify.framework */; };
		3B4B216A1EDA9062000F0409 /* FollowerViewController.swift in Sources */ = {isa = PBXBuildFile; fileRef = 3B4B21691EDA9062000F0409 /* FollowerViewController.swift */; };
		3B4B216C1EDA964D000F0409 /* FollowerTableViewCell.swift in Sources */ = {isa = PBXBuildFile; fileRef = 3B4B216B1EDA964D000F0409 /* FollowerTableViewCell.swift */; };
		6967E1E61ED260AD00FF76E4 /* setting1.png in Resources */ = {isa = PBXBuildFile; fileRef = 6967E1E51ED260AD00FF76E4 /* setting1.png */; };
		6967E20E1ED58A5900FF76E4 /* forward.png in Resources */ = {isa = PBXBuildFile; fileRef = 6967E20D1ED58A5900FF76E4 /* forward.png */; };
		6967E2101ED58B5200FF76E4 /* Cross Buttomwith shadow.png in Resources */ = {isa = PBXBuildFile; fileRef = 6967E20F1ED58B5200FF76E4 /* Cross Buttomwith shadow.png */; };
		6967E2121ED58BDE00FF76E4 /* backward 2.27.52 AM 2.27.53 AM.png in Resources */ = {isa = PBXBuildFile; fileRef = 6967E2111ED58BDE00FF76E4 /* backward 2.27.52 AM 2.27.53 AM.png */; };
		6967E2141ED7A4D900FF76E4 /* Next Button.png in Resources */ = {isa = PBXBuildFile; fileRef = 6967E2131ED7A4D900FF76E4 /* Next Button.png */; };
		6967E2161ED7D2CB00FF76E4 /* Previous Button.png in Resources */ = {isa = PBXBuildFile; fileRef = 6967E2151ED7D2CB00FF76E4 /* Previous Button.png */; };
		6967E21B1ED8D8C000FF76E4 /* FollowingViewController.swift in Sources */ = {isa = PBXBuildFile; fileRef = 6967E21A1ED8D8C000FF76E4 /* FollowingViewController.swift */; };
		6967E21D1EDA338F00FF76E4 /* add.png in Resources */ = {isa = PBXBuildFile; fileRef = 6967E21C1EDA338F00FF76E4 /* add.png */; };
		6967E21F1EDA3F4600FF76E4 /* ThemeColorViewController.swift in Sources */ = {isa = PBXBuildFile; fileRef = 6967E21E1EDA3F4600FF76E4 /* ThemeColorViewController.swift */; };
		6967E2211EDA80F900FF76E4 /* Orange_add.png in Resources */ = {isa = PBXBuildFile; fileRef = 6967E2201EDA80F900FF76E4 /* Orange_add.png */; };
		6967E2231EDA810400FF76E4 /* Line 3Orange_remove.png in Resources */ = {isa = PBXBuildFile; fileRef = 6967E2221EDA810400FF76E4 /* Line 3Orange_remove.png */; };
		6967E2251EDA928400FF76E4 /* new_forward.png in Resources */ = {isa = PBXBuildFile; fileRef = 6967E2241EDA928400FF76E4 /* new_forward.png */; };
		6967E2291EDA98F100FF76E4 /* shuffle_2.png in Resources */ = {isa = PBXBuildFile; fileRef = 6967E2281EDA98F100FF76E4 /* shuffle_2.png */; };
		6967E22B1EDA9BA500FF76E4 /* order play.png in Resources */ = {isa = PBXBuildFile; fileRef = 6967E22A1EDA9BA500FF76E4 /* order play.png */; };
		6967E22D1EDB655D00FF76E4 /* wall1.jpg in Resources */ = {isa = PBXBuildFile; fileRef = 6967E22C1EDB655D00FF76E4 /* wall1.jpg */; };
		6967E22F1EDB680000FF76E4 /* wall1_90%.png in Resources */ = {isa = PBXBuildFile; fileRef = 6967E22E1EDB680000FF76E4 /* wall1_90%.png */; };
		6967E2311EDB688100FF76E4 /* wall1_80%.png in Resources */ = {isa = PBXBuildFile; fileRef = 6967E2301EDB688100FF76E4 /* wall1_80%.png */; };
		6967E2331EDB68F100FF76E4 /* wall1_70%.png in Resources */ = {isa = PBXBuildFile; fileRef = 6967E2321EDB68F100FF76E4 /* wall1_70%.png */; };
		6967E2351EDB6EE100FF76E4 /* wall3_80%.png in Resources */ = {isa = PBXBuildFile; fileRef = 6967E2341EDB6EE100FF76E4 /* wall3_80%.png */; };
		6967E2371EDCB95000FF76E4 /* logo1.png in Resources */ = {isa = PBXBuildFile; fileRef = 6967E2361EDCB94F00FF76E4 /* logo1.png */; };
		6967E2391EDCC0E400FF76E4 /* Launch Screen.storyboard in Resources */ = {isa = PBXBuildFile; fileRef = 6967E2381EDCC0E300FF76E4 /* Launch Screen.storyboard */; };
		6967E23F1EDCD68500FF76E4 /* launchScreen.png in Resources */ = {isa = PBXBuildFile; fileRef = 6967E23E1EDCD68500FF76E4 /* launchScreen.png */; };
		940E0B861ED6207700B8C4E0 /* playButton.png in Resources */ = {isa = PBXBuildFile; fileRef = 940E0B851ED6207700B8C4E0 /* playButton.png */; };
		940E0B8A1ED6235600B8C4E0 /* stopButton.png in Resources */ = {isa = PBXBuildFile; fileRef = 940E0B891ED6235600B8C4E0 /* stopButton.png */; };
		940E0B8C1ED6436600B8C4E0 /* SettingsViewController.swift in Sources */ = {isa = PBXBuildFile; fileRef = 940E0B8B1ED6436600B8C4E0 /* SettingsViewController.swift */; };
		940E0BCC1ED692A300B8C4E0 /* ScopeViewController.swift in Sources */ = {isa = PBXBuildFile; fileRef = 940E0BCB1ED692A300B8C4E0 /* ScopeViewController.swift */; };
		940E0BCE1ED696E200B8C4E0 /* userDefaultIcon.png in Resources */ = {isa = PBXBuildFile; fileRef = 940E0BCD1ED696E200B8C4E0 /* userDefaultIcon.png */; };
		942363681ECAF331004398A0 /* SongTableViewCell.swift in Sources */ = {isa = PBXBuildFile; fileRef = 942363671ECAF330004398A0 /* SongTableViewCell.swift */; };
		9423636B1ECAF4EA004398A0 /* music.jpg in Resources */ = {isa = PBXBuildFile; fileRef = 9423636A1ECAF4EA004398A0 /* music.jpg */; };
		9423636D1ECAFA39004398A0 /* SongViewController.swift in Sources */ = {isa = PBXBuildFile; fileRef = 9423636C1ECAFA39004398A0 /* SongViewController.swift */; };
		9429EDCE1EDA6ADD00FEFF49 /* FollowingTableViewCell.swift in Sources */ = {isa = PBXBuildFile; fileRef = 9429EDCD1EDA6ADD00FEFF49 /* FollowingTableViewCell.swift */; };
		9429EDD01EDA928300FEFF49 /* ScopeTableViewCell.swift in Sources */ = {isa = PBXBuildFile; fileRef = 9429EDCF1EDA928300FEFF49 /* ScopeTableViewCell.swift */; };
		944A701C1ED813280073EE0C /* SettingsTableViewController.swift in Sources */ = {isa = PBXBuildFile; fileRef = 944A701B1ED813280073EE0C /* SettingsTableViewController.swift */; };
		944A701E1ED819EB0073EE0C /* UnwindSegueToRight.swift in Sources */ = {isa = PBXBuildFile; fileRef = 944A701D1ED819EA0073EE0C /* UnwindSegueToRight.swift */; };
		944A70201ED81D570073EE0C /* UsernameViewController.swift in Sources */ = {isa = PBXBuildFile; fileRef = 944A701F1ED81D570073EE0C /* UsernameViewController.swift */; };
		94619C7E1ED402010080FB56 /* GoogleService-Info.plist in Resources */ = {isa = PBXBuildFile; fileRef = 94619C7D1ED402010080FB56 /* GoogleService-Info.plist */; };
		9470A5AC1EDA9CEE005CCDAF /* NewContactViewController.swift in Sources */ = {isa = PBXBuildFile; fileRef = 9470A5AB1EDA9CEE005CCDAF /* NewContactViewController.swift */; };
		9470A5AE1EDAAC2A005CCDAF /* NewContactTableViewCell.swift in Sources */ = {isa = PBXBuildFile; fileRef = 9470A5AD1EDAAC2A005CCDAF /* NewContactTableViewCell.swift */; };
		947312AA1ECFEE3300D44414 /* CollectionViewCell.swift in Sources */ = {isa = PBXBuildFile; fileRef = 947312A91ECFEE3300D44414 /* CollectionViewCell.swift */; };
		9495E1131ED80FD5001A4F68 /* SegueFromRight.swift in Sources */ = {isa = PBXBuildFile; fileRef = 9495E1121ED80FD5001A4F68 /* SegueFromRight.swift */; };
		94B633AD1EDBE9B7002D4742 /* TagifyUserForDisplay.swift in Sources */ = {isa = PBXBuildFile; fileRef = 94B633AC1EDBE9B7002D4742 /* TagifyUserForDisplay.swift */; };
		94BFA2531ED01E2E005AE02F /* CollectionView.swift in Sources */ = {isa = PBXBuildFile; fileRef = 94BFA2521ED01E2E005AE02F /* CollectionView.swift */; };
		94BFA2581ED02BA3005AE02F /* BrunoMars.jpg in Resources */ = {isa = PBXBuildFile; fileRef = 94BFA2541ED02BA3005AE02F /* BrunoMars.jpg */; };
		94BFA2591ED02BA3005AE02F /* Magic!.png in Resources */ = {isa = PBXBuildFile; fileRef = 94BFA2551ED02BA3005AE02F /* Magic!.png */; };
		94BFA25A1ED02BA3005AE02F /* Maroon5.jpg in Resources */ = {isa = PBXBuildFile; fileRef = 94BFA2561ED02BA3005AE02F /* Maroon5.jpg */; };
		94BFA25B1ED02BA3005AE02F /* TaylorSwift.jpg in Resources */ = {isa = PBXBuildFile; fileRef = 94BFA2571ED02BA3005AE02F /* TaylorSwift.jpg */; };
		A672EE441ED3E12900BDB50F /* SongDetailsView.xib in Resources */ = {isa = PBXBuildFile; fileRef = A672EE431ED3E12900BDB50F /* SongDetailsView.xib */; };
		BB2385621B3DD5AB0079CD01 /* AppDelegate.swift in Sources */ = {isa = PBXBuildFile; fileRef = BB2385611B3DD5AB0079CD01 /* AppDelegate.swift */; };
		BB2385641B3DD5AB0079CD01 /* LoginViewController.swift in Sources */ = {isa = PBXBuildFile; fileRef = BB2385631B3DD5AB0079CD01 /* LoginViewController.swift */; };
		BB2385671B3DD5AB0079CD01 /* Main.storyboard in Resources */ = {isa = PBXBuildFile; fileRef = BB2385651B3DD5AB0079CD01 /* Main.storyboard */; };
		BB2385691B3DD5AB0079CD01 /* Images.xcassets in Resources */ = {isa = PBXBuildFile; fileRef = BB2385681B3DD5AB0079CD01 /* Images.xcassets */; };
		BB23856C1B3DD5AB0079CD01 /* LaunchScreen.xib in Resources */ = {isa = PBXBuildFile; fileRef = BB23856A1B3DD5AB0079CD01 /* LaunchScreen.xib */; };
		BB23858A1B3DD9640079CD01 /* Song.swift in Sources */ = {isa = PBXBuildFile; fileRef = BB2385891B3DD9640079CD01 /* Song.swift */; };
		BB7DA5111B42C8100018B530 /* TagifyUser.swift in Sources */ = {isa = PBXBuildFile; fileRef = BB7DA5101B42C8100018B530 /* TagifyUser.swift */; };
/* End PBXBuildFile section */

/* Begin PBXFileReference section */
		101DAECA0A3059269EC28C2A /* Pods_Tagify.framework */ = {isa = PBXFileReference; explicitFileType = wrapper.framework; includeInIndex = 0; path = Pods_Tagify.framework; sourceTree = BUILT_PRODUCTS_DIR; };
		3B4B21691EDA9062000F0409 /* FollowerViewController.swift */ = {isa = PBXFileReference; fileEncoding = 4; indentWidth = 4; lastKnownFileType = sourcecode.swift; path = FollowerViewController.swift; sourceTree = "<group>"; tabWidth = 4; };
		3B4B216B1EDA964D000F0409 /* FollowerTableViewCell.swift */ = {isa = PBXFileReference; fileEncoding = 4; lastKnownFileType = sourcecode.swift; path = FollowerTableViewCell.swift; sourceTree = "<group>"; };
		6967E1E51ED260AD00FF76E4 /* setting1.png */ = {isa = PBXFileReference; lastKnownFileType = image.png; path = setting1.png; sourceTree = "<group>"; };
		6967E20D1ED58A5900FF76E4 /* forward.png */ = {isa = PBXFileReference; lastKnownFileType = image.png; path = forward.png; sourceTree = "<group>"; };
		6967E20F1ED58B5200FF76E4 /* Cross Buttomwith shadow.png */ = {isa = PBXFileReference; lastKnownFileType = image.png; path = "Cross Buttomwith shadow.png"; sourceTree = "<group>"; };
		6967E2111ED58BDE00FF76E4 /* backward 2.27.52 AM 2.27.53 AM.png */ = {isa = PBXFileReference; lastKnownFileType = image.png; path = "backward 2.27.52 AM 2.27.53 AM.png"; sourceTree = "<group>"; };
		6967E2131ED7A4D900FF76E4 /* Next Button.png */ = {isa = PBXFileReference; lastKnownFileType = image.png; path = "Next Button.png"; sourceTree = "<group>"; };
		6967E2151ED7D2CB00FF76E4 /* Previous Button.png */ = {isa = PBXFileReference; lastKnownFileType = image.png; path = "Previous Button.png"; sourceTree = "<group>"; };
		6967E21A1ED8D8C000FF76E4 /* FollowingViewController.swift */ = {isa = PBXFileReference; fileEncoding = 4; indentWidth = 4; lastKnownFileType = sourcecode.swift; path = FollowingViewController.swift; sourceTree = "<group>"; tabWidth = 4; };
		6967E21C1EDA338F00FF76E4 /* add.png */ = {isa = PBXFileReference; lastKnownFileType = image.png; path = add.png; sourceTree = "<group>"; };
		6967E21E1EDA3F4600FF76E4 /* ThemeColorViewController.swift */ = {isa = PBXFileReference; fileEncoding = 4; indentWidth = 4; lastKnownFileType = sourcecode.swift; path = ThemeColorViewController.swift; sourceTree = "<group>"; tabWidth = 4; };
		6967E2201EDA80F900FF76E4 /* Orange_add.png */ = {isa = PBXFileReference; lastKnownFileType = image.png; path = Orange_add.png; sourceTree = "<group>"; };
		6967E2221EDA810400FF76E4 /* Line 3Orange_remove.png */ = {isa = PBXFileReference; lastKnownFileType = image.png; path = "Line 3Orange_remove.png"; sourceTree = "<group>"; };
		6967E2241EDA928400FF76E4 /* new_forward.png */ = {isa = PBXFileReference; lastKnownFileType = image.png; path = new_forward.png; sourceTree = "<group>"; };
		6967E2281EDA98F100FF76E4 /* shuffle_2.png */ = {isa = PBXFileReference; lastKnownFileType = image.png; path = shuffle_2.png; sourceTree = "<group>"; };
		6967E22A1EDA9BA500FF76E4 /* order play.png */ = {isa = PBXFileReference; lastKnownFileType = image.png; path = "order play.png"; sourceTree = "<group>"; };
		6967E22C1EDB655D00FF76E4 /* wall1.jpg */ = {isa = PBXFileReference; lastKnownFileType = image.jpeg; path = wall1.jpg; sourceTree = "<group>"; };
		6967E22E1EDB680000FF76E4 /* wall1_90%.png */ = {isa = PBXFileReference; lastKnownFileType = image.png; path = "wall1_90%.png"; sourceTree = "<group>"; };
		6967E2301EDB688100FF76E4 /* wall1_80%.png */ = {isa = PBXFileReference; lastKnownFileType = image.png; path = "wall1_80%.png"; sourceTree = "<group>"; };
		6967E2321EDB68F100FF76E4 /* wall1_70%.png */ = {isa = PBXFileReference; lastKnownFileType = image.png; path = "wall1_70%.png"; sourceTree = "<group>"; };
		6967E2341EDB6EE100FF76E4 /* wall3_80%.png */ = {isa = PBXFileReference; lastKnownFileType = image.png; path = "wall3_80%.png"; sourceTree = "<group>"; };
		6967E2361EDCB94F00FF76E4 /* logo1.png */ = {isa = PBXFileReference; lastKnownFileType = image.png; path = logo1.png; sourceTree = "<group>"; };
		6967E2381EDCC0E300FF76E4 /* Launch Screen.storyboard */ = {isa = PBXFileReference; fileEncoding = 4; lastKnownFileType = file.storyboard; path = "Launch Screen.storyboard"; sourceTree = "<group>"; };
		6967E23E1EDCD68500FF76E4 /* launchScreen.png */ = {isa = PBXFileReference; lastKnownFileType = image.png; path = launchScreen.png; sourceTree = "<group>"; };
		940E0B851ED6207700B8C4E0 /* playButton.png */ = {isa = PBXFileReference; lastKnownFileType = image.png; path = playButton.png; sourceTree = "<group>"; };
		940E0B891ED6235600B8C4E0 /* stopButton.png */ = {isa = PBXFileReference; lastKnownFileType = image.png; path = stopButton.png; sourceTree = "<group>"; };
		940E0B8B1ED6436600B8C4E0 /* SettingsViewController.swift */ = {isa = PBXFileReference; fileEncoding = 4; indentWidth = 4; lastKnownFileType = sourcecode.swift; path = SettingsViewController.swift; sourceTree = "<group>"; tabWidth = 4; };
		940E0BCB1ED692A300B8C4E0 /* ScopeViewController.swift */ = {isa = PBXFileReference; fileEncoding = 4; indentWidth = 4; lastKnownFileType = sourcecode.swift; path = ScopeViewController.swift; sourceTree = "<group>"; tabWidth = 4; };
		940E0BCD1ED696E200B8C4E0 /* userDefaultIcon.png */ = {isa = PBXFileReference; lastKnownFileType = image.png; path = userDefaultIcon.png; sourceTree = "<group>"; };
		9423633E1ECAC5C4004398A0 /* Grocr.entitlements */ = {isa = PBXFileReference; lastKnownFileType = text.plist.entitlements; path = Grocr.entitlements; sourceTree = "<group>"; };
		942363671ECAF330004398A0 /* SongTableViewCell.swift */ = {isa = PBXFileReference; fileEncoding = 4; indentWidth = 4; lastKnownFileType = sourcecode.swift; path = SongTableViewCell.swift; sourceTree = "<group>"; tabWidth = 4; };
		9423636A1ECAF4EA004398A0 /* music.jpg */ = {isa = PBXFileReference; lastKnownFileType = image.jpeg; path = music.jpg; sourceTree = "<group>"; };
		9423636C1ECAFA39004398A0 /* SongViewController.swift */ = {isa = PBXFileReference; fileEncoding = 4; indentWidth = 4; lastKnownFileType = sourcecode.swift; path = SongViewController.swift; sourceTree = "<group>"; tabWidth = 4; };
		9429EDCD1EDA6ADD00FEFF49 /* FollowingTableViewCell.swift */ = {isa = PBXFileReference; fileEncoding = 4; lastKnownFileType = sourcecode.swift; path = FollowingTableViewCell.swift; sourceTree = "<group>"; };
		9429EDCF1EDA928300FEFF49 /* ScopeTableViewCell.swift */ = {isa = PBXFileReference; fileEncoding = 4; lastKnownFileType = sourcecode.swift; path = ScopeTableViewCell.swift; sourceTree = "<group>"; };
		944A701B1ED813280073EE0C /* SettingsTableViewController.swift */ = {isa = PBXFileReference; fileEncoding = 4; indentWidth = 4; lastKnownFileType = sourcecode.swift; path = SettingsTableViewController.swift; sourceTree = "<group>"; tabWidth = 4; };
		944A701D1ED819EA0073EE0C /* UnwindSegueToRight.swift */ = {isa = PBXFileReference; fileEncoding = 4; indentWidth = 4; lastKnownFileType = sourcecode.swift; path = UnwindSegueToRight.swift; sourceTree = "<group>"; tabWidth = 4; };
		944A701F1ED81D570073EE0C /* UsernameViewController.swift */ = {isa = PBXFileReference; fileEncoding = 4; indentWidth = 4; lastKnownFileType = sourcecode.swift; path = UsernameViewController.swift; sourceTree = "<group>"; tabWidth = 4; };
		94619C7D1ED402010080FB56 /* GoogleService-Info.plist */ = {isa = PBXFileReference; fileEncoding = 4; lastKnownFileType = text.plist.xml; name = "GoogleService-Info.plist"; path = "Grocr/GoogleService-Info.plist"; sourceTree = "<group>"; };
		9470A5AB1EDA9CEE005CCDAF /* NewContactViewController.swift */ = {isa = PBXFileReference; fileEncoding = 4; indentWidth = 4; lastKnownFileType = sourcecode.swift; path = NewContactViewController.swift; sourceTree = "<group>"; tabWidth = 4; };
		9470A5AD1EDAAC2A005CCDAF /* NewContactTableViewCell.swift */ = {isa = PBXFileReference; fileEncoding = 4; indentWidth = 4; lastKnownFileType = sourcecode.swift; path = NewContactTableViewCell.swift; sourceTree = "<group>"; tabWidth = 4; };
		947312A91ECFEE3300D44414 /* CollectionViewCell.swift */ = {isa = PBXFileReference; fileEncoding = 4; lastKnownFileType = sourcecode.swift; path = CollectionViewCell.swift; sourceTree = "<group>"; };
		9495E1121ED80FD5001A4F68 /* SegueFromRight.swift */ = {isa = PBXFileReference; fileEncoding = 4; indentWidth = 4; lastKnownFileType = sourcecode.swift; path = SegueFromRight.swift; sourceTree = "<group>"; tabWidth = 4; };
		94B633AC1EDBE9B7002D4742 /* TagifyUserForDisplay.swift */ = {isa = PBXFileReference; fileEncoding = 4; indentWidth = 4; lastKnownFileType = sourcecode.swift; path = TagifyUserForDisplay.swift; sourceTree = "<group>"; tabWidth = 4; };
		94BFA2521ED01E2E005AE02F /* CollectionView.swift */ = {isa = PBXFileReference; fileEncoding = 4; indentWidth = 4; lastKnownFileType = sourcecode.swift; path = CollectionView.swift; sourceTree = "<group>"; tabWidth = 4; };
		94BFA2541ED02BA3005AE02F /* BrunoMars.jpg */ = {isa = PBXFileReference; lastKnownFileType = image.jpeg; path = BrunoMars.jpg; sourceTree = "<group>"; };
		94BFA2551ED02BA3005AE02F /* Magic!.png */ = {isa = PBXFileReference; lastKnownFileType = image.png; path = "Magic!.png"; sourceTree = "<group>"; };
		94BFA2561ED02BA3005AE02F /* Maroon5.jpg */ = {isa = PBXFileReference; lastKnownFileType = image.jpeg; path = Maroon5.jpg; sourceTree = "<group>"; };
		94BFA2571ED02BA3005AE02F /* TaylorSwift.jpg */ = {isa = PBXFileReference; lastKnownFileType = image.jpeg; path = TaylorSwift.jpg; sourceTree = "<group>"; };
		A17A3E5365091ACDDDFE9B42 /* Pods-Tagify.release.xcconfig */ = {isa = PBXFileReference; includeInIndex = 1; lastKnownFileType = text.xcconfig; name = "Pods-Tagify.release.xcconfig"; path = "Pods/Target Support Files/Pods-Tagify/Pods-Tagify.release.xcconfig"; sourceTree = "<group>"; };
		A4245BA568700908519FE50A /* Pods-Tagify.debug.xcconfig */ = {isa = PBXFileReference; includeInIndex = 1; lastKnownFileType = text.xcconfig; name = "Pods-Tagify.debug.xcconfig"; path = "Pods/Target Support Files/Pods-Tagify/Pods-Tagify.debug.xcconfig"; sourceTree = "<group>"; };
		A672EE431ED3E12900BDB50F /* SongDetailsView.xib */ = {isa = PBXFileReference; fileEncoding = 4; lastKnownFileType = file.xib; path = SongDetailsView.xib; sourceTree = "<group>"; };
		BB23855C1B3DD5AB0079CD01 /* Tagify.app */ = {isa = PBXFileReference; explicitFileType = wrapper.application; includeInIndex = 0; path = Tagify.app; sourceTree = BUILT_PRODUCTS_DIR; };
		BB2385601B3DD5AB0079CD01 /* Info.plist */ = {isa = PBXFileReference; lastKnownFileType = text.plist.xml; path = Info.plist; sourceTree = "<group>"; };
		BB2385611B3DD5AB0079CD01 /* AppDelegate.swift */ = {isa = PBXFileReference; lastKnownFileType = sourcecode.swift; path = AppDelegate.swift; sourceTree = "<group>"; };
		BB2385631B3DD5AB0079CD01 /* LoginViewController.swift */ = {isa = PBXFileReference; lastKnownFileType = sourcecode.swift; path = LoginViewController.swift; sourceTree = "<group>"; };
		BB2385661B3DD5AB0079CD01 /* Base */ = {isa = PBXFileReference; lastKnownFileType = file.storyboard; name = Base; path = Base.lproj/Main.storyboard; sourceTree = "<group>"; };
		BB2385681B3DD5AB0079CD01 /* Images.xcassets */ = {isa = PBXFileReference; lastKnownFileType = folder.assetcatalog; path = Images.xcassets; sourceTree = "<group>"; };
		BB23856B1B3DD5AB0079CD01 /* Base */ = {isa = PBXFileReference; lastKnownFileType = file.xib; name = Base; path = Base.lproj/LaunchScreen.xib; sourceTree = "<group>"; };
		BB2385851B3DD8820079CD01 /* Grocr-Bridging-Header.h */ = {isa = PBXFileReference; lastKnownFileType = sourcecode.c.h; path = "Grocr-Bridging-Header.h"; sourceTree = "<group>"; };
		BB2385891B3DD9640079CD01 /* Song.swift */ = {isa = PBXFileReference; fileEncoding = 4; lastKnownFileType = sourcecode.swift; path = Song.swift; sourceTree = "<group>"; };
		BB7DA5101B42C8100018B530 /* TagifyUser.swift */ = {isa = PBXFileReference; fileEncoding = 4; lastKnownFileType = sourcecode.swift; path = TagifyUser.swift; sourceTree = "<group>"; };
/* End PBXFileReference section */

/* Begin PBXFrameworksBuildPhase section */
		BB2385591B3DD5AB0079CD01 /* Frameworks */ = {
			isa = PBXFrameworksBuildPhase;
			buildActionMask = 2147483647;
			files = (
				1DE9DE092ED753BA72C90331 /* Pods_Tagify.framework in Frameworks */,
			);
			runOnlyForDeploymentPostprocessing = 0;
		};
/* End PBXFrameworksBuildPhase section */

/* Begin PBXGroup section */
		068872DD9DADCDDC0C8866D1 /* Pods */ = {
			isa = PBXGroup;
			children = (
				A4245BA568700908519FE50A /* Pods-Tagify.debug.xcconfig */,
				A17A3E5365091ACDDDFE9B42 /* Pods-Tagify.release.xcconfig */,
			);
			name = Pods;
			sourceTree = "<group>";
		};
		6C26B98B6E90834A9F664347 /* Frameworks */ = {
			isa = PBXGroup;
			children = (
				101DAECA0A3059269EC28C2A /* Pods_Tagify.framework */,
			);
			name = Frameworks;
			sourceTree = "<group>";
		};
		942363691ECAF4EA004398A0 /* images */ = {
			isa = PBXGroup;
			children = (
				940E0BCD1ED696E200B8C4E0 /* userDefaultIcon.png */,
				940E0B891ED6235600B8C4E0 /* stopButton.png */,
				940E0B851ED6207700B8C4E0 /* playButton.png */,
				6967E20F1ED58B5200FF76E4 /* Cross Buttomwith shadow.png */,
				6967E2241EDA928400FF76E4 /* new_forward.png */,
				6967E2281EDA98F100FF76E4 /* shuffle_2.png */,
				6967E20D1ED58A5900FF76E4 /* forward.png */,
				6967E23E1EDCD68500FF76E4 /* launchScreen.png */,
				6967E2201EDA80F900FF76E4 /* Orange_add.png */,
				6967E2111ED58BDE00FF76E4 /* backward 2.27.52 AM 2.27.53 AM.png */,
				6967E1E51ED260AD00FF76E4 /* setting1.png */,
				6967E2221EDA810400FF76E4 /* Line 3Orange_remove.png */,
				94BFA2541ED02BA3005AE02F /* BrunoMars.jpg */,
				6967E22A1EDA9BA500FF76E4 /* order play.png */,
				6967E2361EDCB94F00FF76E4 /* logo1.png */,
				6967E2301EDB688100FF76E4 /* wall1_80%.png */,
				6967E22C1EDB655D00FF76E4 /* wall1.jpg */,
				6967E22E1EDB680000FF76E4 /* wall1_90%.png */,
				6967E2321EDB68F100FF76E4 /* wall1_70%.png */,
				94BFA2551ED02BA3005AE02F /* Magic!.png */,
				6967E2151ED7D2CB00FF76E4 /* Previous Button.png */,
				6967E2341EDB6EE100FF76E4 /* wall3_80%.png */,
				6967E21C1EDA338F00FF76E4 /* add.png */,
				6967E2131ED7A4D900FF76E4 /* Next Button.png */,
				94BFA2561ED02BA3005AE02F /* Maroon5.jpg */,
				94BFA2571ED02BA3005AE02F /* TaylorSwift.jpg */,
				9423636A1ECAF4EA004398A0 /* music.jpg */,
			);
			name = images;
			path = Grocr/images;
			sourceTree = "<group>";
		};
		BB2385531B3DD5AB0079CD01 = {
			isa = PBXGroup;
			children = (
				94619C7D1ED402010080FB56 /* GoogleService-Info.plist */,
				942363691ECAF4EA004398A0 /* images */,
				BB23855E1B3DD5AB0079CD01 /* Tagify */,
				BB23855D1B3DD5AB0079CD01 /* Products */,
				068872DD9DADCDDC0C8866D1 /* Pods */,
				6C26B98B6E90834A9F664347 /* Frameworks */,
			);
			indentWidth = 2;
			sourceTree = "<group>";
			tabWidth = 2;
		};
		BB23855D1B3DD5AB0079CD01 /* Products */ = {
			isa = PBXGroup;
			children = (
				BB23855C1B3DD5AB0079CD01 /* Tagify.app */,
			);
			name = Products;
			sourceTree = "<group>";
		};
		BB23855E1B3DD5AB0079CD01 /* Tagify */ = {
			isa = PBXGroup;
			children = (
				9423633E1ECAC5C4004398A0 /* Grocr.entitlements */,
				BB2385881B3DD9550079CD01 /* Models */,
				BB2385811B3DD8310079CD01 /* Controllers */,
				BB2385821B3DD8490079CD01 /* Layouts */,
				BB2385681B3DD5AB0079CD01 /* Images.xcassets */,
				BB7DA5121B42CA790018B530 /* Other */,
				BB23855F1B3DD5AB0079CD01 /* Supporting Files */,
			);
			name = Tagify;
			path = Grocr;
			sourceTree = "<group>";
		};
		BB23855F1B3DD5AB0079CD01 /* Supporting Files */ = {
			isa = PBXGroup;
			children = (
				BB2385601B3DD5AB0079CD01 /* Info.plist */,
				BB2385851B3DD8820079CD01 /* Grocr-Bridging-Header.h */,
			);
			name = "Supporting Files";
			sourceTree = "<group>";
		};
		BB2385811B3DD8310079CD01 /* Controllers */ = {
			isa = PBXGroup;
			children = (
				BB2385631B3DD5AB0079CD01 /* LoginViewController.swift */,
				9423636C1ECAFA39004398A0 /* SongViewController.swift */,
				940E0B8B1ED6436600B8C4E0 /* SettingsViewController.swift */,
				944A701B1ED813280073EE0C /* SettingsTableViewController.swift */,
				944A701F1ED81D570073EE0C /* UsernameViewController.swift */,
				6967E21A1ED8D8C000FF76E4 /* FollowingViewController.swift */,
				940E0BCB1ED692A300B8C4E0 /* ScopeViewController.swift */,
				6967E21E1EDA3F4600FF76E4 /* ThemeColorViewController.swift */,
				9470A5AB1EDA9CEE005CCDAF /* NewContactViewController.swift */,
				3B4B21691EDA9062000F0409 /* FollowerViewController.swift */,
			);
			name = Controllers;
			sourceTree = "<group>";
		};
		BB2385821B3DD8490079CD01 /* Layouts */ = {
			isa = PBXGroup;
			children = (
				BB2385651B3DD5AB0079CD01 /* Main.storyboard */,
				A672EE431ED3E12900BDB50F /* SongDetailsView.xib */,
				947312A91ECFEE3300D44414 /* CollectionViewCell.swift */,
				BB23856A1B3DD5AB0079CD01 /* LaunchScreen.xib */,
				6967E2381EDCC0E300FF76E4 /* Launch Screen.storyboard */,
				942363671ECAF330004398A0 /* SongTableViewCell.swift */,
				94BFA2521ED01E2E005AE02F /* CollectionView.swift */,
				9495E1121ED80FD5001A4F68 /* SegueFromRight.swift */,
				944A701D1ED819EA0073EE0C /* UnwindSegueToRight.swift */,
				9429EDCD1EDA6ADD00FEFF49 /* FollowingTableViewCell.swift */,
				9429EDCF1EDA928300FEFF49 /* ScopeTableViewCell.swift */,
				9470A5AD1EDAAC2A005CCDAF /* NewContactTableViewCell.swift */,
				3B4B216B1EDA964D000F0409 /* FollowerTableViewCell.swift */,
			);
			name = Layouts;
			sourceTree = "<group>";
		};
		BB2385881B3DD9550079CD01 /* Models */ = {
			isa = PBXGroup;
			children = (
				BB2385891B3DD9640079CD01 /* Song.swift */,
				BB7DA5101B42C8100018B530 /* TagifyUser.swift */,
				94B633AC1EDBE9B7002D4742 /* TagifyUserForDisplay.swift */,
			);
			name = Models;
			sourceTree = "<group>";
		};
		BB7DA5121B42CA790018B530 /* Other */ = {
			isa = PBXGroup;
			children = (
				BB2385611B3DD5AB0079CD01 /* AppDelegate.swift */,
			);
			name = Other;
			sourceTree = "<group>";
		};
/* End PBXGroup section */

/* Begin PBXNativeTarget section */
		BB23855B1B3DD5AB0079CD01 /* Tagify */ = {
			isa = PBXNativeTarget;
			buildConfigurationList = BB23857B1B3DD5AB0079CD01 /* Build configuration list for PBXNativeTarget "Tagify" */;
			buildPhases = (
				1BBEB1165ABEDE0C321658BE /* [CP] Check Pods Manifest.lock */,
				BB2385581B3DD5AB0079CD01 /* Sources */,
				BB2385591B3DD5AB0079CD01 /* Frameworks */,
				BB23855A1B3DD5AB0079CD01 /* Resources */,
				A097888FCCEA097FF85E5ABE /* [CP] Embed Pods Frameworks */,
				1E9FC11E85F904E1A21095F8 /* [CP] Copy Pods Resources */,
			);
			buildRules = (
			);
			dependencies = (
			);
			name = Tagify;
			productName = Grocr;
			productReference = BB23855C1B3DD5AB0079CD01 /* Tagify.app */;
			productType = "com.apple.product-type.application";
		};
/* End PBXNativeTarget section */

/* Begin PBXProject section */
		BB2385541B3DD5AB0079CD01 /* Project object */ = {
			isa = PBXProject;
			attributes = {
				LastUpgradeCheck = 0800;
				ORGANIZATIONNAME = "Razeware LLC";
				TargetAttributes = {
					BB23855B1B3DD5AB0079CD01 = {
						CreatedOnToolsVersion = 6.3.1;
						DevelopmentTeam = JWPRHBMN69;
						LastSwiftMigration = 0800;
						ProvisioningStyle = Automatic;
						SystemCapabilities = {
							com.apple.ApplicationGroups.iOS = {
								enabled = 0;
							};
							com.apple.BackgroundModes = {
								enabled = 1;
							};
							com.apple.Keychain = {
								enabled = 1;
							};
						};
					};
				};
			};
			buildConfigurationList = BB2385571B3DD5AB0079CD01 /* Build configuration list for PBXProject "Tagify" */;
			compatibilityVersion = "Xcode 3.2";
			developmentRegion = English;
			hasScannedForEncodings = 0;
			knownRegions = (
				en,
				Base,
			);
			mainGroup = BB2385531B3DD5AB0079CD01;
			productRefGroup = BB23855D1B3DD5AB0079CD01 /* Products */;
			projectDirPath = "";
			projectRoot = "";
			targets = (
				BB23855B1B3DD5AB0079CD01 /* Tagify */,
			);
		};
/* End PBXProject section */

/* Begin PBXResourcesBuildPhase section */
		BB23855A1B3DD5AB0079CD01 /* Resources */ = {
			isa = PBXResourcesBuildPhase;
			buildActionMask = 2147483647;
			files = (
				6967E2231EDA810400FF76E4 /* Line 3Orange_remove.png in Resources */,
				940E0BCE1ED696E200B8C4E0 /* userDefaultIcon.png in Resources */,
				6967E2101ED58B5200FF76E4 /* Cross Buttomwith shadow.png in Resources */,
				6967E22D1EDB655D00FF76E4 /* wall1.jpg in Resources */,
				6967E2121ED58BDE00FF76E4 /* backward 2.27.52 AM 2.27.53 AM.png in Resources */,
				6967E21D1EDA338F00FF76E4 /* add.png in Resources */,
				6967E2211EDA80F900FF76E4 /* Orange_add.png in Resources */,
				9423636B1ECAF4EA004398A0 /* music.jpg in Resources */,
				6967E2161ED7D2CB00FF76E4 /* Previous Button.png in Resources */,
				940E0B8A1ED6235600B8C4E0 /* stopButton.png in Resources */,
				6967E2391EDCC0E400FF76E4 /* Launch Screen.storyboard in Resources */,
				940E0B861ED6207700B8C4E0 /* playButton.png in Resources */,
				6967E2251EDA928400FF76E4 /* new_forward.png in Resources */,
				BB2385671B3DD5AB0079CD01 /* Main.storyboard in Resources */,
				6967E1E61ED260AD00FF76E4 /* setting1.png in Resources */,
				6967E20E1ED58A5900FF76E4 /* forward.png in Resources */,
				6967E22F1EDB680000FF76E4 /* wall1_90%.png in Resources */,
				6967E2291EDA98F100FF76E4 /* shuffle_2.png in Resources */,
				6967E2351EDB6EE100FF76E4 /* wall3_80%.png in Resources */,
				A672EE441ED3E12900BDB50F /* SongDetailsView.xib in Resources */,
				6967E2331EDB68F100FF76E4 /* wall1_70%.png in Resources */,
				94619C7E1ED402010080FB56 /* GoogleService-Info.plist in Resources */,
				94BFA25B1ED02BA3005AE02F /* TaylorSwift.jpg in Resources */,
				6967E23F1EDCD68500FF76E4 /* launchScreen.png in Resources */,
				BB23856C1B3DD5AB0079CD01 /* LaunchScreen.xib in Resources */,
				6967E2311EDB688100FF76E4 /* wall1_80%.png in Resources */,
				6967E2141ED7A4D900FF76E4 /* Next Button.png in Resources */,
				6967E22B1EDA9BA500FF76E4 /* order play.png in Resources */,
				BB2385691B3DD5AB0079CD01 /* Images.xcassets in Resources */,
				94BFA25A1ED02BA3005AE02F /* Maroon5.jpg in Resources */,
				94BFA2581ED02BA3005AE02F /* BrunoMars.jpg in Resources */,
				6967E2371EDCB95000FF76E4 /* logo1.png in Resources */,
				94BFA2591ED02BA3005AE02F /* Magic!.png in Resources */,
			);
			runOnlyForDeploymentPostprocessing = 0;
		};
/* End PBXResourcesBuildPhase section */

/* Begin PBXShellScriptBuildPhase section */
		1BBEB1165ABEDE0C321658BE /* [CP] Check Pods Manifest.lock */ = {
			isa = PBXShellScriptBuildPhase;
			buildActionMask = 2147483647;
			files = (
			);
			inputPaths = (
			);
			name = "[CP] Check Pods Manifest.lock";
			outputPaths = (
			);
			runOnlyForDeploymentPostprocessing = 0;
			shellPath = /bin/sh;
			shellScript = "diff \"${PODS_PODFILE_DIR_PATH}/Podfile.lock\" \"${PODS_ROOT}/Manifest.lock\" > /dev/null\nif [ $? != 0 ] ; then\n    # print error to STDERR\n    echo \"error: The sandbox is not in sync with the Podfile.lock. Run 'pod install' or update your CocoaPods installation.\" >&2\n    exit 1\nfi\n";
			showEnvVarsInLog = 0;
		};
		1E9FC11E85F904E1A21095F8 /* [CP] Copy Pods Resources */ = {
			isa = PBXShellScriptBuildPhase;
			buildActionMask = 2147483647;
			files = (
			);
			inputPaths = (
			);
			name = "[CP] Copy Pods Resources";
			outputPaths = (
			);
			runOnlyForDeploymentPostprocessing = 0;
			shellPath = /bin/sh;
			shellScript = "\"${SRCROOT}/Pods/Target Support Files/Pods-Tagify/Pods-Tagify-resources.sh\"\n";
			showEnvVarsInLog = 0;
		};
		A097888FCCEA097FF85E5ABE /* [CP] Embed Pods Frameworks */ = {
			isa = PBXShellScriptBuildPhase;
			buildActionMask = 2147483647;
			files = (
			);
			inputPaths = (
			);
			name = "[CP] Embed Pods Frameworks";
			outputPaths = (
			);
			runOnlyForDeploymentPostprocessing = 0;
			shellPath = /bin/sh;
			shellScript = "\"${SRCROOT}/Pods/Target Support Files/Pods-Tagify/Pods-Tagify-frameworks.sh\"\n";
			showEnvVarsInLog = 0;
		};
/* End PBXShellScriptBuildPhase section */

/* Begin PBXSourcesBuildPhase section */
		BB2385581B3DD5AB0079CD01 /* Sources */ = {
			isa = PBXSourcesBuildPhase;
			buildActionMask = 2147483647;
			files = (
				944A70201ED81D570073EE0C /* UsernameViewController.swift in Sources */,
				9470A5AE1EDAAC2A005CCDAF /* NewContactTableViewCell.swift in Sources */,
				9470A5AC1EDA9CEE005CCDAF /* NewContactViewController.swift in Sources */,
				6967E21B1ED8D8C000FF76E4 /* FollowingViewController.swift in Sources */,
				BB2385641B3DD5AB0079CD01 /* LoginViewController.swift in Sources */,
				940E0B8C1ED6436600B8C4E0 /* SettingsViewController.swift in Sources */,
				947312AA1ECFEE3300D44414 /* CollectionViewCell.swift in Sources */,
				BB23858A1B3DD9640079CD01 /* Song.swift in Sources */,
				BB7DA5111B42C8100018B530 /* TagifyUser.swift in Sources */,
				94BFA2531ED01E2E005AE02F /* CollectionView.swift in Sources */,
				BB2385621B3DD5AB0079CD01 /* AppDelegate.swift in Sources */,
				940E0BCC1ED692A300B8C4E0 /* ScopeViewController.swift in Sources */,
				3B4B216C1EDA964D000F0409 /* FollowerTableViewCell.swift in Sources */,
				3B4B216A1EDA9062000F0409 /* FollowerViewController.swift in Sources */,
				94B633AD1EDBE9B7002D4742 /* TagifyUserForDisplay.swift in Sources */,
				6967E21F1EDA3F4600FF76E4 /* ThemeColorViewController.swift in Sources */,
				944A701E1ED819EB0073EE0C /* UnwindSegueToRight.swift in Sources */,
				9429EDCE1EDA6ADD00FEFF49 /* FollowingTableViewCell.swift in Sources */,
				944A701C1ED813280073EE0C /* SettingsTableViewController.swift in Sources */,
				942363681ECAF331004398A0 /* SongTableViewCell.swift in Sources */,
				9495E1131ED80FD5001A4F68 /* SegueFromRight.swift in Sources */,
				9429EDD01EDA928300FEFF49 /* ScopeTableViewCell.swift in Sources */,
				9423636D1ECAFA39004398A0 /* SongViewController.swift in Sources */,
			);
			runOnlyForDeploymentPostprocessing = 0;
		};
/* End PBXSourcesBuildPhase section */

/* Begin PBXVariantGroup section */
		BB2385651B3DD5AB0079CD01 /* Main.storyboard */ = {
			isa = PBXVariantGroup;
			children = (
				BB2385661B3DD5AB0079CD01 /* Base */,
			);
			name = Main.storyboard;
			sourceTree = "<group>";
		};
		BB23856A1B3DD5AB0079CD01 /* LaunchScreen.xib */ = {
			isa = PBXVariantGroup;
			children = (
				BB23856B1B3DD5AB0079CD01 /* Base */,
			);
			name = LaunchScreen.xib;
			sourceTree = "<group>";
		};
/* End PBXVariantGroup section */

/* Begin XCBuildConfiguration section */
		BB2385791B3DD5AB0079CD01 /* Debug */ = {
			isa = XCBuildConfiguration;
			buildSettings = {
				ALWAYS_SEARCH_USER_PATHS = NO;
				CLANG_CXX_LANGUAGE_STANDARD = "gnu++0x";
				CLANG_CXX_LIBRARY = "libc++";
				CLANG_ENABLE_MODULES = YES;
				CLANG_ENABLE_OBJC_ARC = YES;
				CLANG_WARN_BOOL_CONVERSION = YES;
				CLANG_WARN_CONSTANT_CONVERSION = YES;
				CLANG_WARN_DIRECT_OBJC_ISA_USAGE = YES_ERROR;
				CLANG_WARN_EMPTY_BODY = YES;
				CLANG_WARN_ENUM_CONVERSION = YES;
				CLANG_WARN_INT_CONVERSION = YES;
				CLANG_WARN_OBJC_ROOT_CLASS = YES_ERROR;
				CLANG_WARN_UNREACHABLE_CODE = YES;
				CLANG_WARN__DUPLICATE_METHOD_MATCH = YES;
				"CODE_SIGN_IDENTITY[sdk=iphoneos*]" = "iPhone Developer";
				COPY_PHASE_STRIP = NO;
				DEBUG_INFORMATION_FORMAT = "dwarf-with-dsym";
				ENABLE_STRICT_OBJC_MSGSEND = YES;
				ENABLE_TESTABILITY = YES;
				GCC_C_LANGUAGE_STANDARD = gnu99;
				GCC_DYNAMIC_NO_PIC = NO;
				GCC_NO_COMMON_BLOCKS = YES;
				GCC_OPTIMIZATION_LEVEL = 0;
				GCC_PREPROCESSOR_DEFINITIONS = (
					"DEBUG=1",
					"$(inherited)",
				);
				GCC_SYMBOLS_PRIVATE_EXTERN = NO;
				GCC_WARN_64_TO_32_BIT_CONVERSION = YES;
				GCC_WARN_ABOUT_RETURN_TYPE = YES_ERROR;
				GCC_WARN_UNDECLARED_SELECTOR = YES;
				GCC_WARN_UNINITIALIZED_AUTOS = YES_AGGRESSIVE;
				GCC_WARN_UNUSED_FUNCTION = YES;
				GCC_WARN_UNUSED_VARIABLE = YES;
				IPHONEOS_DEPLOYMENT_TARGET = 10.0;
				MTL_ENABLE_DEBUG_INFO = YES;
				ONLY_ACTIVE_ARCH = YES;
				SDKROOT = iphoneos;
				SWIFT_OPTIMIZATION_LEVEL = "-Onone";
			};
			name = Debug;
		};
		BB23857A1B3DD5AB0079CD01 /* Release */ = {
			isa = XCBuildConfiguration;
			buildSettings = {
				ALWAYS_SEARCH_USER_PATHS = NO;
				CLANG_CXX_LANGUAGE_STANDARD = "gnu++0x";
				CLANG_CXX_LIBRARY = "libc++";
				CLANG_ENABLE_MODULES = YES;
				CLANG_ENABLE_OBJC_ARC = YES;
				CLANG_WARN_BOOL_CONVERSION = YES;
				CLANG_WARN_CONSTANT_CONVERSION = YES;
				CLANG_WARN_DIRECT_OBJC_ISA_USAGE = YES_ERROR;
				CLANG_WARN_EMPTY_BODY = YES;
				CLANG_WARN_ENUM_CONVERSION = YES;
				CLANG_WARN_INT_CONVERSION = YES;
				CLANG_WARN_OBJC_ROOT_CLASS = YES_ERROR;
				CLANG_WARN_UNREACHABLE_CODE = YES;
				CLANG_WARN__DUPLICATE_METHOD_MATCH = YES;
				"CODE_SIGN_IDENTITY[sdk=iphoneos*]" = "iPhone Developer";
				COPY_PHASE_STRIP = NO;
				DEBUG_INFORMATION_FORMAT = "dwarf-with-dsym";
				ENABLE_NS_ASSERTIONS = NO;
				ENABLE_STRICT_OBJC_MSGSEND = YES;
				GCC_C_LANGUAGE_STANDARD = gnu99;
				GCC_NO_COMMON_BLOCKS = YES;
				GCC_WARN_64_TO_32_BIT_CONVERSION = YES;
				GCC_WARN_ABOUT_RETURN_TYPE = YES_ERROR;
				GCC_WARN_UNDECLARED_SELECTOR = YES;
				GCC_WARN_UNINITIALIZED_AUTOS = YES_AGGRESSIVE;
				GCC_WARN_UNUSED_FUNCTION = YES;
				GCC_WARN_UNUSED_VARIABLE = YES;
				IPHONEOS_DEPLOYMENT_TARGET = 10.0;
				MTL_ENABLE_DEBUG_INFO = NO;
				SDKROOT = iphoneos;
				VALIDATE_PRODUCT = YES;
			};
			name = Release;
		};
		BB23857C1B3DD5AB0079CD01 /* Debug */ = {
			isa = XCBuildConfiguration;
			baseConfigurationReference = A4245BA568700908519FE50A /* Pods-Tagify.debug.xcconfig */;
			buildSettings = {
				ASSETCATALOG_COMPILER_APPICON_NAME = AppIcon;
				CLANG_ENABLE_MODULES = YES;
				CODE_SIGN_ENTITLEMENTS = Grocr/Grocr.entitlements;
				CODE_SIGN_IDENTITY = "iPhone Developer";
				"CODE_SIGN_IDENTITY[sdk=iphoneos*]" = "iPhone Developer";
				DEVELOPMENT_TEAM = JWPRHBMN69;
				ENABLE_BITCODE = NO;
				INFOPLIST_FILE = Grocr/Info.plist;
				IPHONEOS_DEPLOYMENT_TARGET = 10.0;
				LD_RUNPATH_SEARCH_PATHS = "$(inherited) @executable_path/Frameworks";
				PRODUCT_BUNDLE_IDENTIFIER = Sapiens.Tagify;
				PRODUCT_NAME = "$(TARGET_NAME)";
				PROVISIONING_PROFILE = "";
				PROVISIONING_PROFILE_SPECIFIER = "";
				SWIFT_OBJC_BRIDGING_HEADER = "Grocr/Grocr-Bridging-Header.h";
				SWIFT_OPTIMIZATION_LEVEL = "-Onone";
				SWIFT_VERSION = 3.0;
				TARGETED_DEVICE_FAMILY = 1;
			};
			name = Debug;
		};
		BB23857D1B3DD5AB0079CD01 /* Release */ = {
			isa = XCBuildConfiguration;
			baseConfigurationReference = A17A3E5365091ACDDDFE9B42 /* Pods-Tagify.release.xcconfig */;
			buildSettings = {
				ASSETCATALOG_COMPILER_APPICON_NAME = AppIcon;
				CLANG_ENABLE_MODULES = YES;
				CODE_SIGN_ENTITLEMENTS = Grocr/Grocr.entitlements;
				CODE_SIGN_IDENTITY = "iPhone Developer";
				"CODE_SIGN_IDENTITY[sdk=iphoneos*]" = "iPhone Developer";
				DEVELOPMENT_TEAM = JWPRHBMN69;
				ENABLE_BITCODE = NO;
				INFOPLIST_FILE = Grocr/Info.plist;
				IPHONEOS_DEPLOYMENT_TARGET = 10.0;
				LD_RUNPATH_SEARCH_PATHS = "$(inherited) @executable_path/Frameworks";
				PRODUCT_BUNDLE_IDENTIFIER = Sapiens.Tagify;
				PRODUCT_NAME = "$(TARGET_NAME)";
				PROVISIONING_PROFILE = "";
				PROVISIONING_PROFILE_SPECIFIER = "";
				SWIFT_OBJC_BRIDGING_HEADER = "Grocr/Grocr-Bridging-Header.h";
				SWIFT_OPTIMIZATION_LEVEL = "-Owholemodule";
				SWIFT_VERSION = 3.0;
				TARGETED_DEVICE_FAMILY = 1;
			};
			name = Release;
		};
/* End XCBuildConfiguration section */

/* Begin XCConfigurationList section */
		BB2385571B3DD5AB0079CD01 /* Build configuration list for PBXProject "Tagify" */ = {
			isa = XCConfigurationList;
			buildConfigurations = (
				BB2385791B3DD5AB0079CD01 /* Debug */,
				BB23857A1B3DD5AB0079CD01 /* Release */,
			);
			defaultConfigurationIsVisible = 0;
			defaultConfigurationName = Release;
		};
		BB23857B1B3DD5AB0079CD01 /* Build configuration list for PBXNativeTarget "Tagify" */ = {
			isa = XCConfigurationList;
			buildConfigurations = (
				BB23857C1B3DD5AB0079CD01 /* Debug */,
				BB23857D1B3DD5AB0079CD01 /* Release */,
			);
			defaultConfigurationIsVisible = 0;
			defaultConfigurationName = Release;
		};
/* End XCConfigurationList section */
	};
	rootObject = BB2385541B3DD5AB0079CD01 /* Project object */;
}
